
Microsoft Visual Studio Solution File, Format Version 12.00
# Visual Studio Version 16
VisualStudioVersion = 16.0.29509.3
MinimumVisualStudioVersion = 10.0.40219.1
Project("{8BC9CEB8-8B4A-11D0-8D11-00A0C91BC942}") = "Holovibes", "Holovibes\Holovibes.vcxproj", "{CA75A564-8C60-4C3B-8778-996F1879BF65}"
	ProjectSection(ProjectDependencies) = postProject
		{D981B600-1444-4D9B-8124-45CC358AB8DF} = {D981B600-1444-4D9B-8124-45CC358AB8DF}
		{D6EB6F02-EAD3-4D85-AF69-2A8945DB0C41} = {D6EB6F02-EAD3-4D85-AF69-2A8945DB0C41}
		{9A93DB0F-1C4F-4C61-AE6A-F7A47C1CB46E} = {9A93DB0F-1C4F-4C61-AE6A-F7A47C1CB46E}
		{47E0B11B-6AC0-4D69-80BB-BC6A92367B2E} = {47E0B11B-6AC0-4D69-80BB-BC6A92367B2E}
		{13E1532F-E09F-4DE8-A431-410DDF1A7F9C} = {13E1532F-E09F-4DE8-A431-410DDF1A7F9C}
		{BD9D923D-7F70-48BE-B385-6645B49E3B0B} = {BD9D923D-7F70-48BE-B385-6645B49E3B0B}
		{411732AF-DD66-42FE-97A9-6365A8CEE675} = {411732AF-DD66-42FE-97A9-6365A8CEE675}
		{6C8B3AB1-2A36-4EE6-A493-ABD9DE963383} = {6C8B3AB1-2A36-4EE6-A493-ABD9DE963383}
		{C0A4CFB3-82B9-44AD-966C-DC300BD0977E} = {C0A4CFB3-82B9-44AD-966C-DC300BD0977E}
		{98C5B5B7-2473-4715-9BDB-AF21383BDDC8} = {98C5B5B7-2473-4715-9BDB-AF21383BDDC8}
		{757448D0-838E-4D6D-A970-E7CD141A561B} = {757448D0-838E-4D6D-A970-E7CD141A561B}
		{41EB15E8-2DA8-47C3-8938-92F28AA4E8DE} = {41EB15E8-2DA8-47C3-8938-92F28AA4E8DE}
	EndProjectSection
EndProject
Project("{8BC9CEB8-8B4A-11D0-8D11-00A0C91BC942}") = "CameraPCOPixelfly", "Camera\CameraPCOPixelfly\CameraPCOPixelfly.vcxproj", "{D981B600-1444-4D9B-8124-45CC358AB8DF}"
EndProject
Project("{8BC9CEB8-8B4A-11D0-8D11-00A0C91BC942}") = "CameraIds", "Camera\CameraIds\CameraIds.vcxproj", "{13E1532F-E09F-4DE8-A431-410DDF1A7F9C}"
EndProject
Project("{8BC9CEB8-8B4A-11D0-8D11-00A0C91BC942}") = "CameraIxon", "Camera\CameraIxon\CameraIxon.vcxproj", "{BD9D923D-7F70-48BE-B385-6645B49E3B0B}"
EndProject
Project("{8BC9CEB8-8B4A-11D0-8D11-00A0C91BC942}") = "CameraPCOEdge", "Camera\CameraPCOEdge\CameraPCOEdge.vcxproj", "{9A93DB0F-1C4F-4C61-AE6A-F7A47C1CB46E}"
EndProject
Project("{8BC9CEB8-8B4A-11D0-8D11-00A0C91BC942}") = "CameraPike", "Camera\CameraPike\CameraPike.vcxproj", "{47E0B11B-6AC0-4D69-80BB-BC6A92367B2E}"
EndProject
Project("{8BC9CEB8-8B4A-11D0-8D11-00A0C91BC942}") = "CameraXiq", "Camera\CameraXiq\CameraXiq.vcxproj", "{41EB15E8-2DA8-47C3-8938-92F28AA4E8DE}"
EndProject
Project("{2150E333-8FDC-42A3-9474-1A3956D46DE8}") = "Camera Libraries", "Camera Libraries", "{26D59CCE-F3C2-4C90-96EA-625470BC8225}"
	ProjectSection(SolutionItems) = preProject
		Camera\Camera\camera.hh = Camera\Camera\camera.hh
		Camera\include\camera_exception.hh = Camera\include\camera_exception.hh
		Camera\include\frame_desc.hh = Camera\include\frame_desc.hh
		Camera\include\icamera.hh = Camera\include\icamera.hh
	EndProjectSection
EndProject
Project("{2150E333-8FDC-42A3-9474-1A3956D46DE8}") = "CameraPCO", "CameraPCO", "{D45B9D31-7307-47C9-BBC1-69822B48DBD7}"
	ProjectSection(SolutionItems) = preProject
		Camera\CameraPCO\camera_pco.cc = Camera\CameraPCO\camera_pco.cc
		Camera\CameraPCO\camera_pco.hh = Camera\CameraPCO\camera_pco.hh
	EndProjectSection
EndProject
Project("{8BC9CEB8-8B4A-11D0-8D11-00A0C91BC942}") = "GPIB", "GPIB\GPIB.vcxproj", "{4945AF2E-4E1F-4052-B8B6-5B0990D1E121}"
EndProject
Project("{8BC9CEB8-8B4A-11D0-8D11-00A0C91BC942}") = "CameraAdimec", "Camera\CameraAdimec\CameraAdimec.vcxproj", "{757448D0-838E-4D6D-A970-E7CD141A561B}"
EndProject
Project("{8BC9CEB8-8B4A-11D0-8D11-00A0C91BC942}") = "CameraUtils", "CameraUtils\CameraUtils.vcxproj", "{411732AF-DD66-42FE-97A9-6365A8CEE675}"
EndProject
Project("{8BC9CEB8-8B4A-11D0-8D11-00A0C91BC942}") = "CameraPhotonFocus", "Camera\CameraPhotonFocus\CameraPhotonFocus.vcxproj", "{98C5B5B7-2473-4715-9BDB-AF21383BDDC8}"
EndProject
Project("{8BC9CEB8-8B4A-11D0-8D11-00A0C91BC942}") = "CameraXib", "Camera\CameraXib\CameraXib.vcxproj", "{C0A4CFB3-82B9-44AD-966C-DC300BD0977E}"
EndProject
Project("{8BC9CEB8-8B4A-11D0-8D11-00A0C91BC942}") = "CameraHamamatsu", "Camera\CameraHamamatsu\CameraHamamatsu.vcxproj", "{D6EB6F02-EAD3-4D85-AF69-2A8945DB0C41}"
EndProject
Project("{8BC9CEB8-8B4A-11D0-8D11-00A0C91BC942}") = "CameraPixelink", "Camera\CameraPixelink\CameraPixelink.vcxproj", "{6C8B3AB1-2A36-4EE6-A493-ABD9DE963383}"
EndProject
Global
	GlobalSection(SolutionConfigurationPlatforms) = preSolution
		Debug|Mixed Platforms = Debug|Mixed Platforms
		Debug|Win32 = Debug|Win32
		Debug|x64 = Debug|x64
		DefaultBuild|Mixed Platforms = DefaultBuild|Mixed Platforms
		DefaultBuild|Win32 = DefaultBuild|Win32
		DefaultBuild|x64 = DefaultBuild|x64
		Release|Mixed Platforms = Release|Mixed Platforms
		Release|Win32 = Release|Win32
		Release|x64 = Release|x64
	EndGlobalSection
	GlobalSection(ProjectConfigurationPlatforms) = postSolution
		{CA75A564-8C60-4C3B-8778-996F1879BF65}.Debug|Mixed Platforms.ActiveCfg = Debug|x64
		{CA75A564-8C60-4C3B-8778-996F1879BF65}.Debug|Mixed Platforms.Build.0 = Debug|x64
		{CA75A564-8C60-4C3B-8778-996F1879BF65}.Debug|Win32.ActiveCfg = Debug|x64
		{CA75A564-8C60-4C3B-8778-996F1879BF65}.Debug|x64.ActiveCfg = Debug|x64
		{CA75A564-8C60-4C3B-8778-996F1879BF65}.Debug|x64.Build.0 = Debug|x64
		{CA75A564-8C60-4C3B-8778-996F1879BF65}.DefaultBuild|Mixed Platforms.ActiveCfg = Debug|x64
		{CA75A564-8C60-4C3B-8778-996F1879BF65}.DefaultBuild|Mixed Platforms.Build.0 = Debug|x64
		{CA75A564-8C60-4C3B-8778-996F1879BF65}.DefaultBuild|Win32.ActiveCfg = Debug|x64
		{CA75A564-8C60-4C3B-8778-996F1879BF65}.DefaultBuild|x64.ActiveCfg = Debug|x64
		{CA75A564-8C60-4C3B-8778-996F1879BF65}.DefaultBuild|x64.Build.0 = Debug|x64
		{CA75A564-8C60-4C3B-8778-996F1879BF65}.Release|Mixed Platforms.ActiveCfg = Debug|x64
		{CA75A564-8C60-4C3B-8778-996F1879BF65}.Release|Mixed Platforms.Build.0 = Debug|x64
		{CA75A564-8C60-4C3B-8778-996F1879BF65}.Release|Win32.ActiveCfg = Release|x64
		{CA75A564-8C60-4C3B-8778-996F1879BF65}.Release|x64.ActiveCfg = Release|x64
		{CA75A564-8C60-4C3B-8778-996F1879BF65}.Release|x64.Build.0 = Release|x64
		{D981B600-1444-4D9B-8124-45CC358AB8DF}.Debug|Mixed Platforms.ActiveCfg = Debug|x64
		{D981B600-1444-4D9B-8124-45CC358AB8DF}.Debug|Mixed Platforms.Build.0 = Debug|x64
		{D981B600-1444-4D9B-8124-45CC358AB8DF}.Debug|Win32.ActiveCfg = Debug|x64
		{D981B600-1444-4D9B-8124-45CC358AB8DF}.Debug|x64.ActiveCfg = Debug|x64
		{D981B600-1444-4D9B-8124-45CC358AB8DF}.Debug|x64.Build.0 = Debug|x64
		{D981B600-1444-4D9B-8124-45CC358AB8DF}.DefaultBuild|Mixed Platforms.ActiveCfg = Debug|x64
		{D981B600-1444-4D9B-8124-45CC358AB8DF}.DefaultBuild|Mixed Platforms.Build.0 = Debug|x64
		{D981B600-1444-4D9B-8124-45CC358AB8DF}.DefaultBuild|Win32.ActiveCfg = Debug|x64
		{D981B600-1444-4D9B-8124-45CC358AB8DF}.DefaultBuild|x64.ActiveCfg = Debug|x64
		{D981B600-1444-4D9B-8124-45CC358AB8DF}.DefaultBuild|x64.Build.0 = Debug|x64
		{D981B600-1444-4D9B-8124-45CC358AB8DF}.Release|Mixed Platforms.ActiveCfg = Debug|x64
		{D981B600-1444-4D9B-8124-45CC358AB8DF}.Release|Mixed Platforms.Build.0 = Debug|x64
		{D981B600-1444-4D9B-8124-45CC358AB8DF}.Release|Win32.ActiveCfg = Release|x64
		{D981B600-1444-4D9B-8124-45CC358AB8DF}.Release|x64.ActiveCfg = Release|x64
		{D981B600-1444-4D9B-8124-45CC358AB8DF}.Release|x64.Build.0 = Release|x64
		{13E1532F-E09F-4DE8-A431-410DDF1A7F9C}.Debug|Mixed Platforms.ActiveCfg = Debug|x64
		{13E1532F-E09F-4DE8-A431-410DDF1A7F9C}.Debug|Mixed Platforms.Build.0 = Debug|x64
		{13E1532F-E09F-4DE8-A431-410DDF1A7F9C}.Debug|Win32.ActiveCfg = Debug|x64
		{13E1532F-E09F-4DE8-A431-410DDF1A7F9C}.Debug|x64.ActiveCfg = Debug|x64
		{13E1532F-E09F-4DE8-A431-410DDF1A7F9C}.Debug|x64.Build.0 = Debug|x64
		{13E1532F-E09F-4DE8-A431-410DDF1A7F9C}.DefaultBuild|Mixed Platforms.ActiveCfg = Debug|x64
		{13E1532F-E09F-4DE8-A431-410DDF1A7F9C}.DefaultBuild|Mixed Platforms.Build.0 = Debug|x64
		{13E1532F-E09F-4DE8-A431-410DDF1A7F9C}.DefaultBuild|Win32.ActiveCfg = Debug|x64
		{13E1532F-E09F-4DE8-A431-410DDF1A7F9C}.DefaultBuild|x64.ActiveCfg = Debug|x64
		{13E1532F-E09F-4DE8-A431-410DDF1A7F9C}.DefaultBuild|x64.Build.0 = Debug|x64
		{13E1532F-E09F-4DE8-A431-410DDF1A7F9C}.Release|Mixed Platforms.ActiveCfg = Debug|x64
		{13E1532F-E09F-4DE8-A431-410DDF1A7F9C}.Release|Mixed Platforms.Build.0 = Debug|x64
		{13E1532F-E09F-4DE8-A431-410DDF1A7F9C}.Release|Win32.ActiveCfg = Release|x64
		{13E1532F-E09F-4DE8-A431-410DDF1A7F9C}.Release|x64.ActiveCfg = Release|x64
		{13E1532F-E09F-4DE8-A431-410DDF1A7F9C}.Release|x64.Build.0 = Release|x64
		{BD9D923D-7F70-48BE-B385-6645B49E3B0B}.Debug|Mixed Platforms.ActiveCfg = Debug|x64
		{BD9D923D-7F70-48BE-B385-6645B49E3B0B}.Debug|Mixed Platforms.Build.0 = Debug|x64
		{BD9D923D-7F70-48BE-B385-6645B49E3B0B}.Debug|Win32.ActiveCfg = Debug|x64
		{BD9D923D-7F70-48BE-B385-6645B49E3B0B}.Debug|x64.ActiveCfg = Debug|x64
		{BD9D923D-7F70-48BE-B385-6645B49E3B0B}.Debug|x64.Build.0 = Debug|x64
		{BD9D923D-7F70-48BE-B385-6645B49E3B0B}.DefaultBuild|Mixed Platforms.ActiveCfg = Debug|x64
		{BD9D923D-7F70-48BE-B385-6645B49E3B0B}.DefaultBuild|Mixed Platforms.Build.0 = Debug|x64
		{BD9D923D-7F70-48BE-B385-6645B49E3B0B}.DefaultBuild|Win32.ActiveCfg = Debug|x64
		{BD9D923D-7F70-48BE-B385-6645B49E3B0B}.DefaultBuild|x64.ActiveCfg = Debug|x64
		{BD9D923D-7F70-48BE-B385-6645B49E3B0B}.DefaultBuild|x64.Build.0 = Debug|x64
		{BD9D923D-7F70-48BE-B385-6645B49E3B0B}.Release|Mixed Platforms.ActiveCfg = Debug|x64
		{BD9D923D-7F70-48BE-B385-6645B49E3B0B}.Release|Mixed Platforms.Build.0 = Debug|x64
		{BD9D923D-7F70-48BE-B385-6645B49E3B0B}.Release|Win32.ActiveCfg = Release|x64
		{BD9D923D-7F70-48BE-B385-6645B49E3B0B}.Release|x64.ActiveCfg = Release|x64
		{BD9D923D-7F70-48BE-B385-6645B49E3B0B}.Release|x64.Build.0 = Release|x64
		{9A93DB0F-1C4F-4C61-AE6A-F7A47C1CB46E}.Debug|Mixed Platforms.ActiveCfg = Debug|x64
		{9A93DB0F-1C4F-4C61-AE6A-F7A47C1CB46E}.Debug|Mixed Platforms.Build.0 = Debug|x64
		{9A93DB0F-1C4F-4C61-AE6A-F7A47C1CB46E}.Debug|Win32.ActiveCfg = Debug|x64
		{9A93DB0F-1C4F-4C61-AE6A-F7A47C1CB46E}.Debug|x64.ActiveCfg = Debug|x64
		{9A93DB0F-1C4F-4C61-AE6A-F7A47C1CB46E}.Debug|x64.Build.0 = Debug|x64
		{9A93DB0F-1C4F-4C61-AE6A-F7A47C1CB46E}.DefaultBuild|Mixed Platforms.ActiveCfg = Debug|x64
		{9A93DB0F-1C4F-4C61-AE6A-F7A47C1CB46E}.DefaultBuild|Mixed Platforms.Build.0 = Debug|x64
		{9A93DB0F-1C4F-4C61-AE6A-F7A47C1CB46E}.DefaultBuild|Win32.ActiveCfg = Debug|x64
		{9A93DB0F-1C4F-4C61-AE6A-F7A47C1CB46E}.DefaultBuild|x64.ActiveCfg = Debug|x64
		{9A93DB0F-1C4F-4C61-AE6A-F7A47C1CB46E}.DefaultBuild|x64.Build.0 = Debug|x64
		{9A93DB0F-1C4F-4C61-AE6A-F7A47C1CB46E}.Release|Mixed Platforms.ActiveCfg = Debug|x64
		{9A93DB0F-1C4F-4C61-AE6A-F7A47C1CB46E}.Release|Mixed Platforms.Build.0 = Debug|x64
		{9A93DB0F-1C4F-4C61-AE6A-F7A47C1CB46E}.Release|Win32.ActiveCfg = Release|x64
		{9A93DB0F-1C4F-4C61-AE6A-F7A47C1CB46E}.Release|x64.ActiveCfg = Release|x64
		{9A93DB0F-1C4F-4C61-AE6A-F7A47C1CB46E}.Release|x64.Build.0 = Release|x64
		{47E0B11B-6AC0-4D69-80BB-BC6A92367B2E}.Debug|Mixed Platforms.ActiveCfg = Debug|x64
		{47E0B11B-6AC0-4D69-80BB-BC6A92367B2E}.Debug|Mixed Platforms.Build.0 = Debug|x64
		{47E0B11B-6AC0-4D69-80BB-BC6A92367B2E}.Debug|Win32.ActiveCfg = Debug|x64
		{47E0B11B-6AC0-4D69-80BB-BC6A92367B2E}.Debug|x64.ActiveCfg = Debug|x64
		{47E0B11B-6AC0-4D69-80BB-BC6A92367B2E}.Debug|x64.Build.0 = Debug|x64
		{47E0B11B-6AC0-4D69-80BB-BC6A92367B2E}.DefaultBuild|Mixed Platforms.ActiveCfg = Debug|x64
		{47E0B11B-6AC0-4D69-80BB-BC6A92367B2E}.DefaultBuild|Mixed Platforms.Build.0 = Debug|x64
		{47E0B11B-6AC0-4D69-80BB-BC6A92367B2E}.DefaultBuild|Win32.ActiveCfg = Debug|x64
		{47E0B11B-6AC0-4D69-80BB-BC6A92367B2E}.DefaultBuild|x64.ActiveCfg = Debug|x64
		{47E0B11B-6AC0-4D69-80BB-BC6A92367B2E}.DefaultBuild|x64.Build.0 = Debug|x64
		{47E0B11B-6AC0-4D69-80BB-BC6A92367B2E}.Release|Mixed Platforms.ActiveCfg = Debug|x64
		{47E0B11B-6AC0-4D69-80BB-BC6A92367B2E}.Release|Mixed Platforms.Build.0 = Debug|x64
		{47E0B11B-6AC0-4D69-80BB-BC6A92367B2E}.Release|Win32.ActiveCfg = Release|x64
		{47E0B11B-6AC0-4D69-80BB-BC6A92367B2E}.Release|x64.ActiveCfg = Release|x64
		{47E0B11B-6AC0-4D69-80BB-BC6A92367B2E}.Release|x64.Build.0 = Release|x64
		{41EB15E8-2DA8-47C3-8938-92F28AA4E8DE}.Debug|Mixed Platforms.ActiveCfg = Debug|x64
		{41EB15E8-2DA8-47C3-8938-92F28AA4E8DE}.Debug|Mixed Platforms.Build.0 = Debug|x64
		{41EB15E8-2DA8-47C3-8938-92F28AA4E8DE}.Debug|Win32.ActiveCfg = Debug|x64
		{41EB15E8-2DA8-47C3-8938-92F28AA4E8DE}.Debug|x64.ActiveCfg = Debug|x64
		{41EB15E8-2DA8-47C3-8938-92F28AA4E8DE}.Debug|x64.Build.0 = Debug|x64
		{41EB15E8-2DA8-47C3-8938-92F28AA4E8DE}.DefaultBuild|Mixed Platforms.ActiveCfg = Debug|x64
		{41EB15E8-2DA8-47C3-8938-92F28AA4E8DE}.DefaultBuild|Mixed Platforms.Build.0 = Debug|x64
		{41EB15E8-2DA8-47C3-8938-92F28AA4E8DE}.DefaultBuild|Win32.ActiveCfg = Debug|x64
		{41EB15E8-2DA8-47C3-8938-92F28AA4E8DE}.DefaultBuild|x64.ActiveCfg = Debug|x64
		{41EB15E8-2DA8-47C3-8938-92F28AA4E8DE}.DefaultBuild|x64.Build.0 = Debug|x64
		{41EB15E8-2DA8-47C3-8938-92F28AA4E8DE}.Release|Mixed Platforms.ActiveCfg = Debug|x64
		{41EB15E8-2DA8-47C3-8938-92F28AA4E8DE}.Release|Mixed Platforms.Build.0 = Debug|x64
		{41EB15E8-2DA8-47C3-8938-92F28AA4E8DE}.Release|Win32.ActiveCfg = Release|x64
		{41EB15E8-2DA8-47C3-8938-92F28AA4E8DE}.Release|x64.ActiveCfg = Release|x64
		{41EB15E8-2DA8-47C3-8938-92F28AA4E8DE}.Release|x64.Build.0 = Release|x64
		{4945AF2E-4E1F-4052-B8B6-5B0990D1E121}.Debug|Mixed Platforms.ActiveCfg = Debug|x64
		{4945AF2E-4E1F-4052-B8B6-5B0990D1E121}.Debug|Mixed Platforms.Build.0 = Debug|x64
		{4945AF2E-4E1F-4052-B8B6-5B0990D1E121}.Debug|Win32.ActiveCfg = Debug|x64
		{4945AF2E-4E1F-4052-B8B6-5B0990D1E121}.Debug|x64.ActiveCfg = Debug|x64
		{4945AF2E-4E1F-4052-B8B6-5B0990D1E121}.Debug|x64.Build.0 = Debug|x64
		{4945AF2E-4E1F-4052-B8B6-5B0990D1E121}.DefaultBuild|Mixed Platforms.ActiveCfg = Debug|x64
		{4945AF2E-4E1F-4052-B8B6-5B0990D1E121}.DefaultBuild|Mixed Platforms.Build.0 = Debug|x64
		{4945AF2E-4E1F-4052-B8B6-5B0990D1E121}.DefaultBuild|Win32.ActiveCfg = Debug|x64
		{4945AF2E-4E1F-4052-B8B6-5B0990D1E121}.DefaultBuild|x64.ActiveCfg = Debug|x64
		{4945AF2E-4E1F-4052-B8B6-5B0990D1E121}.DefaultBuild|x64.Build.0 = Debug|x64
		{4945AF2E-4E1F-4052-B8B6-5B0990D1E121}.Release|Mixed Platforms.ActiveCfg = Debug|x64
		{4945AF2E-4E1F-4052-B8B6-5B0990D1E121}.Release|Mixed Platforms.Build.0 = Debug|x64
		{4945AF2E-4E1F-4052-B8B6-5B0990D1E121}.Release|Win32.ActiveCfg = Release|x64
		{4945AF2E-4E1F-4052-B8B6-5B0990D1E121}.Release|x64.ActiveCfg = Release|x64
		{4945AF2E-4E1F-4052-B8B6-5B0990D1E121}.Release|x64.Build.0 = Release|x64
		{757448D0-838E-4D6D-A970-E7CD141A561B}.Debug|Mixed Platforms.ActiveCfg = Debug|x64
		{757448D0-838E-4D6D-A970-E7CD141A561B}.Debug|Mixed Platforms.Build.0 = Debug|x64
		{757448D0-838E-4D6D-A970-E7CD141A561B}.Debug|Win32.ActiveCfg = Debug|Win32
		{757448D0-838E-4D6D-A970-E7CD141A561B}.Debug|Win32.Build.0 = Debug|Win32
		{757448D0-838E-4D6D-A970-E7CD141A561B}.Debug|x64.ActiveCfg = Debug|x64
		{757448D0-838E-4D6D-A970-E7CD141A561B}.Debug|x64.Build.0 = Debug|x64
		{757448D0-838E-4D6D-A970-E7CD141A561B}.DefaultBuild|Mixed Platforms.ActiveCfg = Debug|x64
		{757448D0-838E-4D6D-A970-E7CD141A561B}.DefaultBuild|Mixed Platforms.Build.0 = Debug|x64
		{757448D0-838E-4D6D-A970-E7CD141A561B}.DefaultBuild|Win32.ActiveCfg = Debug|Win32
		{757448D0-838E-4D6D-A970-E7CD141A561B}.DefaultBuild|Win32.Build.0 = Debug|Win32
		{757448D0-838E-4D6D-A970-E7CD141A561B}.DefaultBuild|x64.ActiveCfg = Debug|x64
		{757448D0-838E-4D6D-A970-E7CD141A561B}.DefaultBuild|x64.Build.0 = Debug|x64
		{757448D0-838E-4D6D-A970-E7CD141A561B}.Release|Mixed Platforms.ActiveCfg = Debug|x64
		{757448D0-838E-4D6D-A970-E7CD141A561B}.Release|Mixed Platforms.Build.0 = Debug|x64
		{757448D0-838E-4D6D-A970-E7CD141A561B}.Release|Win32.ActiveCfg = Release|Win32
		{757448D0-838E-4D6D-A970-E7CD141A561B}.Release|Win32.Build.0 = Release|Win32
		{757448D0-838E-4D6D-A970-E7CD141A561B}.Release|x64.ActiveCfg = Release|x64
		{757448D0-838E-4D6D-A970-E7CD141A561B}.Release|x64.Build.0 = Release|x64
		{411732AF-DD66-42FE-97A9-6365A8CEE675}.Debug|Mixed Platforms.ActiveCfg = Debug|x64
		{411732AF-DD66-42FE-97A9-6365A8CEE675}.Debug|Mixed Platforms.Build.0 = Debug|x64
		{411732AF-DD66-42FE-97A9-6365A8CEE675}.Debug|Win32.ActiveCfg = Debug|Win32
		{411732AF-DD66-42FE-97A9-6365A8CEE675}.Debug|Win32.Build.0 = Debug|Win32
		{411732AF-DD66-42FE-97A9-6365A8CEE675}.Debug|x64.ActiveCfg = Debug|x64
		{411732AF-DD66-42FE-97A9-6365A8CEE675}.Debug|x64.Build.0 = Debug|x64
		{411732AF-DD66-42FE-97A9-6365A8CEE675}.DefaultBuild|Mixed Platforms.ActiveCfg = Debug|x64
		{411732AF-DD66-42FE-97A9-6365A8CEE675}.DefaultBuild|Mixed Platforms.Build.0 = Debug|x64
		{411732AF-DD66-42FE-97A9-6365A8CEE675}.DefaultBuild|Win32.ActiveCfg = Debug|Win32
		{411732AF-DD66-42FE-97A9-6365A8CEE675}.DefaultBuild|Win32.Build.0 = Debug|Win32
		{411732AF-DD66-42FE-97A9-6365A8CEE675}.DefaultBuild|x64.ActiveCfg = Debug|x64
		{411732AF-DD66-42FE-97A9-6365A8CEE675}.DefaultBuild|x64.Build.0 = Debug|x64
		{411732AF-DD66-42FE-97A9-6365A8CEE675}.Release|Mixed Platforms.ActiveCfg = Debug|x64
		{411732AF-DD66-42FE-97A9-6365A8CEE675}.Release|Mixed Platforms.Build.0 = Debug|x64
		{411732AF-DD66-42FE-97A9-6365A8CEE675}.Release|Win32.ActiveCfg = Release|Win32
		{411732AF-DD66-42FE-97A9-6365A8CEE675}.Release|Win32.Build.0 = Release|Win32
		{411732AF-DD66-42FE-97A9-6365A8CEE675}.Release|x64.ActiveCfg = Release|x64
		{411732AF-DD66-42FE-97A9-6365A8CEE675}.Release|x64.Build.0 = Release|x64
		{98C5B5B7-2473-4715-9BDB-AF21383BDDC8}.Debug|Mixed Platforms.ActiveCfg = Debug|x64
		{98C5B5B7-2473-4715-9BDB-AF21383BDDC8}.Debug|Mixed Platforms.Build.0 = Debug|x64
		{98C5B5B7-2473-4715-9BDB-AF21383BDDC8}.Debug|Win32.ActiveCfg = Debug|Win32
		{98C5B5B7-2473-4715-9BDB-AF21383BDDC8}.Debug|Win32.Build.0 = Debug|Win32
		{98C5B5B7-2473-4715-9BDB-AF21383BDDC8}.Debug|x64.ActiveCfg = Debug|x64
		{98C5B5B7-2473-4715-9BDB-AF21383BDDC8}.Debug|x64.Build.0 = Debug|x64
		{98C5B5B7-2473-4715-9BDB-AF21383BDDC8}.DefaultBuild|Mixed Platforms.ActiveCfg = Debug|x64
		{98C5B5B7-2473-4715-9BDB-AF21383BDDC8}.DefaultBuild|Mixed Platforms.Build.0 = Debug|x64
		{98C5B5B7-2473-4715-9BDB-AF21383BDDC8}.DefaultBuild|Win32.ActiveCfg = Debug|Win32
		{98C5B5B7-2473-4715-9BDB-AF21383BDDC8}.DefaultBuild|Win32.Build.0 = Debug|Win32
		{98C5B5B7-2473-4715-9BDB-AF21383BDDC8}.DefaultBuild|x64.ActiveCfg = Debug|x64
		{98C5B5B7-2473-4715-9BDB-AF21383BDDC8}.DefaultBuild|x64.Build.0 = Debug|x64
		{98C5B5B7-2473-4715-9BDB-AF21383BDDC8}.Release|Mixed Platforms.ActiveCfg = Debug|x64
		{98C5B5B7-2473-4715-9BDB-AF21383BDDC8}.Release|Mixed Platforms.Build.0 = Debug|x64
		{98C5B5B7-2473-4715-9BDB-AF21383BDDC8}.Release|Win32.ActiveCfg = Release|Win32
		{98C5B5B7-2473-4715-9BDB-AF21383BDDC8}.Release|Win32.Build.0 = Release|Win32
		{98C5B5B7-2473-4715-9BDB-AF21383BDDC8}.Release|x64.ActiveCfg = Release|x64
		{98C5B5B7-2473-4715-9BDB-AF21383BDDC8}.Release|x64.Build.0 = Release|x64
		{C0A4CFB3-82B9-44AD-966C-DC300BD0977E}.Debug|Mixed Platforms.ActiveCfg = Debug|x64
		{C0A4CFB3-82B9-44AD-966C-DC300BD0977E}.Debug|Mixed Platforms.Build.0 = Debug|x64
		{C0A4CFB3-82B9-44AD-966C-DC300BD0977E}.Debug|Win32.ActiveCfg = Debug|x64
		{C0A4CFB3-82B9-44AD-966C-DC300BD0977E}.Debug|x64.ActiveCfg = Debug|x64
		{C0A4CFB3-82B9-44AD-966C-DC300BD0977E}.Debug|x64.Build.0 = Debug|x64
		{C0A4CFB3-82B9-44AD-966C-DC300BD0977E}.DefaultBuild|Mixed Platforms.ActiveCfg = Debug|x64
		{C0A4CFB3-82B9-44AD-966C-DC300BD0977E}.DefaultBuild|Mixed Platforms.Build.0 = Debug|x64
		{C0A4CFB3-82B9-44AD-966C-DC300BD0977E}.DefaultBuild|Win32.ActiveCfg = Debug|x64
		{C0A4CFB3-82B9-44AD-966C-DC300BD0977E}.DefaultBuild|Win32.Build.0 = Debug|x64
		{C0A4CFB3-82B9-44AD-966C-DC300BD0977E}.DefaultBuild|x64.ActiveCfg = Debug|x64
		{C0A4CFB3-82B9-44AD-966C-DC300BD0977E}.DefaultBuild|x64.Build.0 = Debug|x64
		{C0A4CFB3-82B9-44AD-966C-DC300BD0977E}.Release|Mixed Platforms.ActiveCfg = Release|x64
		{C0A4CFB3-82B9-44AD-966C-DC300BD0977E}.Release|Mixed Platforms.Build.0 = Release|x64
		{C0A4CFB3-82B9-44AD-966C-DC300BD0977E}.Release|Win32.ActiveCfg = Release|x64
		{C0A4CFB3-82B9-44AD-966C-DC300BD0977E}.Release|x64.ActiveCfg = Release|x64
		{C0A4CFB3-82B9-44AD-966C-DC300BD0977E}.Release|x64.Build.0 = Release|x64
		{D6EB6F02-EAD3-4D85-AF69-2A8945DB0C41}.Debug|Mixed Platforms.ActiveCfg = Debug|x64
		{D6EB6F02-EAD3-4D85-AF69-2A8945DB0C41}.Debug|Mixed Platforms.Build.0 = Debug|x64
		{D6EB6F02-EAD3-4D85-AF69-2A8945DB0C41}.Debug|Win32.ActiveCfg = Debug|x64
		{D6EB6F02-EAD3-4D85-AF69-2A8945DB0C41}.Debug|x64.ActiveCfg = Debug|x64
		{D6EB6F02-EAD3-4D85-AF69-2A8945DB0C41}.Debug|x64.Build.0 = Debug|x64
		{D6EB6F02-EAD3-4D85-AF69-2A8945DB0C41}.DefaultBuild|Mixed Platforms.ActiveCfg = Debug|x64
		{D6EB6F02-EAD3-4D85-AF69-2A8945DB0C41}.DefaultBuild|Mixed Platforms.Build.0 = Debug|x64
		{D6EB6F02-EAD3-4D85-AF69-2A8945DB0C41}.DefaultBuild|Win32.ActiveCfg = Release|x64
		{D6EB6F02-EAD3-4D85-AF69-2A8945DB0C41}.DefaultBuild|Win32.Build.0 = Release|x64
		{D6EB6F02-EAD3-4D85-AF69-2A8945DB0C41}.DefaultBuild|x64.ActiveCfg = Debug|x64
		{D6EB6F02-EAD3-4D85-AF69-2A8945DB0C41}.DefaultBuild|x64.Build.0 = Debug|x64
		{D6EB6F02-EAD3-4D85-AF69-2A8945DB0C41}.Release|Mixed Platforms.ActiveCfg = Release|x64
		{D6EB6F02-EAD3-4D85-AF69-2A8945DB0C41}.Release|Mixed Platforms.Build.0 = Release|x64
		{D6EB6F02-EAD3-4D85-AF69-2A8945DB0C41}.Release|Win32.ActiveCfg = Release|x64
		{D6EB6F02-EAD3-4D85-AF69-2A8945DB0C41}.Release|x64.ActiveCfg = Release|x64
		{D6EB6F02-EAD3-4D85-AF69-2A8945DB0C41}.Release|x64.Build.0 = Release|x64
		{6C8B3AB1-2A36-4EE6-A493-ABD9DE963383}.Debug|Mixed Platforms.ActiveCfg = Debug|Win32
		{6C8B3AB1-2A36-4EE6-A493-ABD9DE963383}.Debug|Mixed Platforms.Build.0 = Debug|Win32
		{6C8B3AB1-2A36-4EE6-A493-ABD9DE963383}.Debug|Win32.ActiveCfg = Debug|Win32
		{6C8B3AB1-2A36-4EE6-A493-ABD9DE963383}.Debug|Win32.Build.0 = Debug|Win32
		{6C8B3AB1-2A36-4EE6-A493-ABD9DE963383}.Debug|x64.ActiveCfg = Debug|x64
		{6C8B3AB1-2A36-4EE6-A493-ABD9DE963383}.Debug|x64.Build.0 = Debug|x64
		{6C8B3AB1-2A36-4EE6-A493-ABD9DE963383}.DefaultBuild|Mixed Platforms.ActiveCfg = Debug|Win32
		{6C8B3AB1-2A36-4EE6-A493-ABD9DE963383}.DefaultBuild|Mixed Platforms.Build.0 = Debug|Win32
		{6C8B3AB1-2A36-4EE6-A493-ABD9DE963383}.DefaultBuild|Win32.ActiveCfg = Debug|Win32
		{6C8B3AB1-2A36-4EE6-A493-ABD9DE963383}.DefaultBuild|Win32.Build.0 = Debug|Win32
		{6C8B3AB1-2A36-4EE6-A493-ABD9DE963383}.DefaultBuild|x64.ActiveCfg = Debug|x64
		{6C8B3AB1-2A36-4EE6-A493-ABD9DE963383}.DefaultBuild|x64.Build.0 = Debug|x64
		{6C8B3AB1-2A36-4EE6-A493-ABD9DE963383}.Release|Mixed Platforms.ActiveCfg = Release|Win32
		{6C8B3AB1-2A36-4EE6-A493-ABD9DE963383}.Release|Mixed Platforms.Build.0 = Release|Win32
		{6C8B3AB1-2A36-4EE6-A493-ABD9DE963383}.Release|Win32.ActiveCfg = Release|Win32
		{6C8B3AB1-2A36-4EE6-A493-ABD9DE963383}.Release|Win32.Build.0 = Release|Win32
		{6C8B3AB1-2A36-4EE6-A493-ABD9DE963383}.Release|x64.ActiveCfg = Release|x64
		{6C8B3AB1-2A36-4EE6-A493-ABD9DE963383}.Release|x64.Build.0 = Release|x64
	EndGlobalSection
	GlobalSection(SolutionProperties) = preSolution
		HideSolutionNode = FALSE
	EndGlobalSection
	GlobalSection(NestedProjects) = preSolution
		{D981B600-1444-4D9B-8124-45CC358AB8DF} = {D45B9D31-7307-47C9-BBC1-69822B48DBD7}
		{13E1532F-E09F-4DE8-A431-410DDF1A7F9C} = {26D59CCE-F3C2-4C90-96EA-625470BC8225}
		{BD9D923D-7F70-48BE-B385-6645B49E3B0B} = {26D59CCE-F3C2-4C90-96EA-625470BC8225}
		{9A93DB0F-1C4F-4C61-AE6A-F7A47C1CB46E} = {D45B9D31-7307-47C9-BBC1-69822B48DBD7}
		{47E0B11B-6AC0-4D69-80BB-BC6A92367B2E} = {26D59CCE-F3C2-4C90-96EA-625470BC8225}
		{41EB15E8-2DA8-47C3-8938-92F28AA4E8DE} = {26D59CCE-F3C2-4C90-96EA-625470BC8225}
		{D45B9D31-7307-47C9-BBC1-69822B48DBD7} = {26D59CCE-F3C2-4C90-96EA-625470BC8225}
		{757448D0-838E-4D6D-A970-E7CD141A561B} = {26D59CCE-F3C2-4C90-96EA-625470BC8225}
		{411732AF-DD66-42FE-97A9-6365A8CEE675} = {26D59CCE-F3C2-4C90-96EA-625470BC8225}
		{98C5B5B7-2473-4715-9BDB-AF21383BDDC8} = {26D59CCE-F3C2-4C90-96EA-625470BC8225}
		{C0A4CFB3-82B9-44AD-966C-DC300BD0977E} = {26D59CCE-F3C2-4C90-96EA-625470BC8225}
		{D6EB6F02-EAD3-4D85-AF69-2A8945DB0C41} = {26D59CCE-F3C2-4C90-96EA-625470BC8225}
		{6C8B3AB1-2A36-4EE6-A493-ABD9DE963383} = {26D59CCE-F3C2-4C90-96EA-625470BC8225}
	EndGlobalSection
	GlobalSection(ExtensibilityGlobals) = postSolution
		Qt5Version = Qt 5.9
		SolutionGuid = {FDCC1DDD-ECB0-4756-A0D0-FB1F9E933965}
	EndGlobalSection
EndGlobal
