<?xml version="1.0" encoding="utf-8"?>
<Project ToolsVersion="4.0" xmlns="http://schemas.microsoft.com/developer/msbuild/2003">
  <ItemGroup>
    <Filter Include="Source Files">
      <UniqueIdentifier>{4FC737F1-C7A5-4376-A066-2A32D752A2FF}</UniqueIdentifier>
      <Extensions>cpp;c;cc;cxx;def;odl;idl;hpj;bat;asm;asmx</Extensions>
    </Filter>
    <Filter Include="Header Files">
      <UniqueIdentifier>{93995380-89BD-4b04-88EB-625FBE52EBFB}</UniqueIdentifier>
      <Extensions>h;hh;hpp;hxx;hm;inl;inc;xsd</Extensions>
    </Filter>
    <Filter Include="Resource Files">
      <UniqueIdentifier>{67DA6AB6-F800-4c08-8B7A-83BB121AAD01}</UniqueIdentifier>
      <Extensions>rc;ico;cur;bmp;dlg;rc2;rct;bin;rgs;gif;jpg;jpeg;jpe;resx;tiff;tif;png;wav;mfcribbon-ms</Extensions>
    </Filter>
    <Filter Include="Macro Files">
      <UniqueIdentifier>{e4a98df1-2e43-4ad2-8ac7-8e7a631c9874}</UniqueIdentifier>
      <Extensions>def;</Extensions>
    </Filter>
    <Filter Include="Source Files CUDA">
      <UniqueIdentifier>{f4e5e542-dbd7-4865-8a96-427aaf9a475d}</UniqueIdentifier>
      <Extensions>cu;</Extensions>
    </Filter>
    <Filter Include="Header Files CUDA">
      <UniqueIdentifier>{e7bbddd6-f330-4e16-a366-e6ac808111a8}</UniqueIdentifier>
      <Extensions>cuh;</Extensions>
    </Filter>
  </ItemGroup>
  <ItemGroup>
    <CudaCompile Include="contrast_correction.cu">
      <Filter>Source Files CUDA</Filter>
    </CudaCompile>
    <CudaCompile Include="preprocessing.cu">
      <Filter>Source Files CUDA</Filter>
    </CudaCompile>
    <CudaCompile Include="fourier_computing.cu">
      <Filter>Source Files CUDA</Filter>
    </CudaCompile>
    <CudaCompile Include="tools.cu">
      <Filter>Source Files CUDA</Filter>
    </CudaCompile>
    <CudaCompile Include="transforms.cu">
      <Filter>Source Files CUDA</Filter>
    </CudaCompile>
    <CudaCompile Include="fft1.cu">
      <Filter>Source Files CUDA</Filter>
    </CudaCompile>
    <CudaCompile Include="hardware_limits.cc">
      <Filter>Source Files</Filter>
    </CudaCompile>
  </ItemGroup>
  <ItemGroup>
    <ClCompile Include="camera_xiq.cc">
      <Filter>Source Files</Filter>
    </ClCompile>
    <ClCompile Include="camera_ids.cc">
      <Filter>Source Files</Filter>
    </ClCompile>
    <ClCompile Include="camera_pike.cc">
      <Filter>Source Files</Filter>
    </ClCompile>
    <ClCompile Include="camera_pixelfly.cc">
      <Filter>Source Files</Filter>
    </ClCompile>
    <ClCompile Include="camera_exception.cc">
      <Filter>Source Files</Filter>
    </ClCompile>
    <ClCompile Include="fouriermanager.cc">
      <Filter>Source Files</Filter>
    </ClCompile>
    <ClCompile Include="gl_component.cc">
      <Filter>Source Files</Filter>
    </ClCompile>
    <ClCompile Include="gl_window.cc">
      <Filter>Source Files</Filter>
    </ClCompile>
    <ClCompile Include="holovibes.cc">
      <Filter>Source Files</Filter>
    </ClCompile>
    <ClCompile Include="loader.cc">
      <Filter>Source Files</Filter>
    </ClCompile>
    <ClCompile Include="main.cc">
      <Filter>Source Files</Filter>
    </ClCompile>
    <ClCompile Include="options_parser.cc">
      <Filter>Source Files</Filter>
    </ClCompile>
    <ClCompile Include="queue.cc">
      <Filter>Source Files</Filter>
    </ClCompile>
    <ClCompile Include="recorder.cc">
      <Filter>Source Files</Filter>
    </ClCompile>
    <ClCompile Include="stdafx.cpp">
      <Filter>Source Files</Filter>
    </ClCompile>
    <ClCompile Include="thread_capture.cc">
      <Filter>Source Files</Filter>
    </ClCompile>
    <ClCompile Include="thread_gl_window.cc">
      <Filter>Source Files</Filter>
    </ClCompile>
  </ItemGroup>
  <ItemGroup>
    <ClInclude Include="camera.hh">
      <Filter>Header Files</Filter>
    </ClInclude>
    <ClInclude Include="camera_xiq.hh">
      <Filter>Header Files</Filter>
    </ClInclude>
    <ClInclude Include="camera_ids.hh">
      <Filter>Header Files</Filter>
    </ClInclude>
    <ClInclude Include="camera_pixelfly.hh">
      <Filter>Header Files</Filter>
    </ClInclude>
    <ClInclude Include="camera_pike.hh">
      <Filter>Header Files</Filter>
    </ClInclude>
    <ClInclude Include="camera_exception.hh">
      <Filter>Header Files</Filter>
    </ClInclude>
    <ClInclude Include="contrast_correction.cuh">
      <Filter>Header Files CUDA</Filter>
    </ClInclude>
    <ClInclude Include="fouriermanager.hh">
      <Filter>Header Files</Filter>
    </ClInclude>
    <ClInclude Include="fourier_computing.cuh">
      <Filter>Header Files CUDA</Filter>
    </ClInclude>
    <ClInclude Include="gl_component.hh">
      <Filter>Header Files</Filter>
    </ClInclude>
    <ClInclude Include="gl_window.hh">
      <Filter>Header Files</Filter>
    </ClInclude>
    <ClInclude Include="holovibes.hh">
      <Filter>Header Files</Filter>
    </ClInclude>
    <ClInclude Include="loader.hh">
      <Filter>Header Files</Filter>
    </ClInclude>
    <ClInclude Include="options_descriptor.hh">
      <Filter>Header Files</Filter>
    </ClInclude>
    <ClInclude Include="options_parser.hh">
      <Filter>Header Files</Filter>
    </ClInclude>
    <ClInclude Include="preprocessing.cuh">
      <Filter>Header Files CUDA</Filter>
    </ClInclude>
    <ClInclude Include="stdafx.h">
      <Filter>Header Files</Filter>
    </ClInclude>
    <ClInclude Include="targetver.h">
      <Filter>Header Files</Filter>
    </ClInclude>
    <ClInclude Include="frame_desc.hh">
      <Filter>Header Files</Filter>
    </ClInclude>
    <ClInclude Include="queue.hh">
      <Filter>Header Files</Filter>
    </ClInclude>
    <ClInclude Include="recorder.hh">
      <Filter>Header Files</Filter>
    </ClInclude>
    <ClInclude Include="thread_gl_window.hh">
      <Filter>Header Files</Filter>
    </ClInclude>
    <ClInclude Include="thread_capture.hh">
      <Filter>Header Files</Filter>
    </ClInclude>
    <ClInclude Include="tools.cuh">
      <Filter>Header Files CUDA</Filter>
    </ClInclude>
    <ClInclude Include="transforms.cuh">
      <Filter>Header Files CUDA</Filter>
    </ClInclude>
    <ClInclude Include="fft1.cuh">
      <Filter>Header Files CUDA</Filter>
    </ClInclude>
    <ClInclude Include="hardware_limits.hh">
      <Filter>Header Files CUDA</Filter>
    </ClInclude>
  </ItemGroup>
</Project>