<?xml version="1.0" encoding="utf-8"?>
<Project ToolsVersion="4.0" xmlns="http://schemas.microsoft.com/developer/msbuild/2003">
  <ItemGroup>
    <Filter Include="Source Files">
      <UniqueIdentifier>{4FC737F1-C7A5-4376-A066-2A32D752A2FF}</UniqueIdentifier>
      <Extensions>cpp;c;cc;cxx;def;odl;idl;hpj;bat;asm;asmx</Extensions>
    </Filter>
    <Filter Include="Header Files">
      <UniqueIdentifier>{93995380-89BD-4b04-88EB-625FBE52EBFB}</UniqueIdentifier>
      <Extensions>h;hh;hpp;hxx;hm;inl;inc;xsd</Extensions>
    </Filter>
    <Filter Include="Resource Files">
      <UniqueIdentifier>{67DA6AB6-F800-4c08-8B7A-83BB121AAD01}</UniqueIdentifier>
      <Extensions>rc;ico;cur;bmp;dlg;rc2;rct;bin;rgs;gif;jpg;jpeg;jpe;resx;tiff;tif;png;wav;mfcribbon-ms</Extensions>
    </Filter>
    <Filter Include="Macro Files">
      <UniqueIdentifier>{e4a98df1-2e43-4ad2-8ac7-8e7a631c9874}</UniqueIdentifier>
      <Extensions>def;</Extensions>
    </Filter>
    <Filter Include="Source Files CUDA">
      <UniqueIdentifier>{f4e5e542-dbd7-4865-8a96-427aaf9a475d}</UniqueIdentifier>
      <Extensions>cu;</Extensions>
    </Filter>
    <Filter Include="Header Files CUDA">
      <UniqueIdentifier>{e7bbddd6-f330-4e16-a366-e6ac808111a8}</UniqueIdentifier>
      <Extensions>cuh;</Extensions>
    </Filter>
    <Filter Include="Form Files">
      <UniqueIdentifier>{42051917-46e7-4cd9-8e34-6ee3adc4c3a7}</UniqueIdentifier>
    </Filter>
    <Filter Include="Generated Files">
      <UniqueIdentifier>{a92f5a26-c24b-4d75-87a7-34cddd371f0d}</UniqueIdentifier>
    </Filter>
    <Filter Include="Generated Files\Debug">
      <UniqueIdentifier>{2e6b114c-da42-4a5f-84bc-c55ea6731c24}</UniqueIdentifier>
    </Filter>
    <Filter Include="Generated Files\Release">
      <UniqueIdentifier>{5d8f330a-0ea3-4ba9-8db0-3839536cba01}</UniqueIdentifier>
    </Filter>
  </ItemGroup>
  <ItemGroup>
    <CudaCompile Include="contrast_correction.cu">
      <Filter>Source Files CUDA</Filter>
    </CudaCompile>
    <CudaCompile Include="hardware_limits.cc">
      <Filter>Source Files</Filter>
    </CudaCompile>
    <CudaCompile Include="preprocessing.cu">
      <Filter>Source Files CUDA</Filter>
    </CudaCompile>
    <CudaCompile Include="fft1.cu">
      <Filter>Source Files CUDA</Filter>
    </CudaCompile>
    <CudaCompile Include="tools.cu">
      <Filter>Source Files CUDA</Filter>
    </CudaCompile>
    <CudaCompile Include="transforms.cu">
      <Filter>Source Files CUDA</Filter>
    </CudaCompile>
    <CudaCompile Include="fft2.cu">
      <Filter>Source Files CUDA</Filter>
    </CudaCompile>
    <CudaCompile Include="vibrometry.cu">
      <Filter>Source Files CUDA</Filter>
    </CudaCompile>
    <CudaCompile Include="average.cu">
      <Filter>Source Files CUDA</Filter>
    </CudaCompile>
    <CudaCompile Include="autofocus.cu">
      <Filter>Source Files CUDA</Filter>
    </CudaCompile>
    <CudaCompile Include="tools_conversion.cu">
      <Filter>Source Files CUDA</Filter>
    </CudaCompile>
    <CudaCompile Include="stft.cu">
      <Filter>Source Files CUDA</Filter>
    </CudaCompile>
    <CudaCompile Include="tools_unwrap.cu">
      <Filter>Source Files CUDA</Filter>
    </CudaCompile>
    <CudaCompile Include="convolution.cu">
      <Filter>Source Files CUDA</Filter>
    </CudaCompile>
    <CudaCompile Include="flowgraphy.cu">
      <Filter>Source Files CUDA</Filter>
    </CudaCompile>
    <CudaCompile Include="tools_compute.cu">
      <Filter>Source Files CUDA</Filter>
    </CudaCompile>
    <CudaCompile Include="filter2D.cu">
      <Filter>Source Files CUDA</Filter>
    </CudaCompile>
  </ItemGroup>
  <ItemGroup>
    <ClCompile Include="holovibes.cc">
      <Filter>Source Files</Filter>
    </ClCompile>
    <ClCompile Include="main.cc">
      <Filter>Source Files</Filter>
    </ClCompile>
    <ClCompile Include="options_parser.cc">
      <Filter>Source Files</Filter>
    </ClCompile>
    <ClCompile Include="queue.cc">
      <Filter>Source Files</Filter>
    </ClCompile>
    <ClCompile Include="recorder.cc">
      <Filter>Source Files</Filter>
    </ClCompile>
    <ClCompile Include="thread_capture.cc">
      <Filter>Source Files</Filter>
    </ClCompile>
    <ClCompile Include="thread_compute.cc">
      <Filter>Source Files</Filter>
    </ClCompile>
    <ClCompile Include="main_window.cc">
      <Filter>Source Files</Filter>
    </ClCompile>
    <ClCompile Include="gui_gl_window.cc">
      <Filter>Source Files</Filter>
    </ClCompile>
    <ClCompile Include="gui_group_box.cc">
      <Filter>Source Files</Filter>
    </ClCompile>
    <ClCompile Include="compute_descriptor.cc">
      <Filter>Source Files</Filter>
    </ClCompile>
    <ClCompile Include="thread_recorder.cc">
      <Filter>Source Files</Filter>
    </ClCompile>
    <ClCompile Include="GeneratedFiles\Debug\moc_gui_gl_widget.cc">
      <Filter>Generated Files\Debug</Filter>
    </ClCompile>
    <ClCompile Include="GeneratedFiles\Debug\moc_gui_gl_window.cc">
      <Filter>Generated Files\Debug</Filter>
    </ClCompile>
    <ClCompile Include="GeneratedFiles\Debug\moc_gui_group_box.cc">
      <Filter>Generated Files\Debug</Filter>
    </ClCompile>
    <ClCompile Include="GeneratedFiles\Debug\moc_main_window.cc">
      <Filter>Generated Files\Debug</Filter>
    </ClCompile>
    <ClCompile Include="GeneratedFiles\Debug\moc_thread_recorder.cc">
      <Filter>Generated Files\Debug</Filter>
    </ClCompile>
    <ClCompile Include="GeneratedFiles\Release\moc_gui_gl_widget.cc">
      <Filter>Generated Files\Release</Filter>
    </ClCompile>
    <ClCompile Include="GeneratedFiles\Release\moc_gui_gl_window.cc">
      <Filter>Generated Files\Release</Filter>
    </ClCompile>
    <ClCompile Include="GeneratedFiles\Release\moc_gui_group_box.cc">
      <Filter>Generated Files\Release</Filter>
    </ClCompile>
    <ClCompile Include="GeneratedFiles\Release\moc_main_window.cc">
      <Filter>Generated Files\Release</Filter>
    </ClCompile>
    <ClCompile Include="GeneratedFiles\Release\moc_thread_recorder.cc">
      <Filter>Generated Files\Release</Filter>
    </ClCompile>
    <ClCompile Include="GeneratedFiles\qrc_gl_window.cc">
      <Filter>Generated Files</Filter>
    </ClCompile>
    <ClCompile Include="GeneratedFiles\qrc_main_window.cc">
      <Filter>Generated Files</Filter>
    </ClCompile>
    <ClCompile Include="gui_plot_window.cc">
      <Filter>Source Files</Filter>
    </ClCompile>
    <ClCompile Include="GeneratedFiles\Debug\moc_gui_plot_window.cc">
      <Filter>Generated Files\Debug</Filter>
    </ClCompile>
    <ClCompile Include="GeneratedFiles\Release\moc_gui_plot_window.cc">
      <Filter>Generated Files\Release</Filter>
    </ClCompile>
    <ClCompile Include="gui_curve_plot.cc">
      <Filter>Source Files</Filter>
    </ClCompile>
    <ClCompile Include="GeneratedFiles\Debug\moc_gui_curve_plot.cc">
      <Filter>Generated Files\Debug</Filter>
    </ClCompile>
    <ClCompile Include="GeneratedFiles\Release\moc_gui_curve_plot.cc">
      <Filter>Generated Files\Release</Filter>
    </ClCompile>
    <ClCompile Include="camera_dll.cc">
      <Filter>Source Files</Filter>
    </ClCompile>
    <ClCompile Include="thread_csv_record.cc">
      <Filter>Source Files</Filter>
    </ClCompile>
    <ClCompile Include="GeneratedFiles\Debug\moc_thread_csv_record.cc">
      <Filter>Generated Files\Debug</Filter>
    </ClCompile>
    <ClCompile Include="GeneratedFiles\Release\moc_thread_csv_record.cc">
      <Filter>Generated Files\Release</Filter>
    </ClCompile>
    <ClCompile Include="ithread_input.cc">
      <Filter>Source Files</Filter>
    </ClCompile>
    <ClCompile Include="thread_reader.cc">
      <Filter>Source Files</Filter>
    </ClCompile>
    <ClCompile Include="geometry.cc">
      <Filter>Source Files</Filter>
    </ClCompile>
    <ClCompile Include="pipe.cc">
      <Filter>Source Files</Filter>
    </ClCompile>
    <ClCompile Include="pipeline.cc">
      <Filter>Source Files</Filter>
    </ClCompile>
    <ClCompile Include="module.cc">
      <Filter>Source Files</Filter>
    </ClCompile>
    <ClCompile Include="icompute.cc">
      <Filter>Source Files</Filter>
    </ClCompile>
    <ClCompile Include="tools.cc">
      <Filter>Source Files</Filter>
    </ClCompile>
    <ClCompile Include="power_of_two.cc">
      <Filter>Source Files</Filter>
    </ClCompile>
    <ClCompile Include="config.cc">
      <Filter>Source Files</Filter>
    </ClCompile>
    <ClCompile Include="info_manager.cc">
      <Filter>Source Files</Filter>
    </ClCompile>
    <ClCompile Include="GeneratedFiles\Debug\moc_recorder.cc">
      <Filter>Generated Files\Debug</Filter>
    </ClCompile>
    <ClCompile Include="GeneratedFiles\Release\moc_recorder.cc">
      <Filter>Generated Files\Release</Filter>
    </ClCompile>
    <ClCompile Include="GeneratedFiles\Debug\moc_info_manager.cc">
      <Filter>Generated Files\Debug</Filter>
    </ClCompile>
    <ClCompile Include="gpib_dll.cc">
      <Filter>Source Files</Filter>
    </ClCompile>
    <ClCompile Include="compute_bundles.cc">
      <Filter>Source Files</Filter>
    </ClCompile>
    <ClCompile Include="GeneratedFiles\Release\moc_info_manager.cc">
      <Filter>Generated Files\Release</Filter>
    </ClCompile>
    <ClCompile Include="gui_gl_widget.cc">
      <Filter>Source Files</Filter>
    </ClCompile>
    <ClCompile Include="compute_bundles_2d.cc">
      <Filter>Source Files</Filter>
    </ClCompile>
    <ClCompile Include="MainWindowAccessor.cc">
      <Filter>Source Files</Filter>
    </ClCompile>
    <ClCompile Include="gui_tool.cc">
      <Filter>Source Files</Filter>
    </ClCompile>
  </ItemGroup>
  <ItemGroup>
    <ClInclude Include="contrast_correction.cuh">
      <Filter>Header Files CUDA</Filter>
    </ClInclude>
    <ClInclude Include="hardware_limits.hh">
      <Filter>Header Files</Filter>
    </ClInclude>
    <ClInclude Include="holovibes.hh">
      <Filter>Header Files</Filter>
    </ClInclude>
    <ClInclude Include="options_descriptor.hh">
      <Filter>Header Files</Filter>
    </ClInclude>
    <ClInclude Include="options_parser.hh">
      <Filter>Header Files</Filter>
    </ClInclude>
    <ClInclude Include="preprocessing.cuh">
      <Filter>Header Files CUDA</Filter>
    </ClInclude>
    <ClInclude Include="queue.hh">
      <Filter>Header Files</Filter>
    </ClInclude>
    <ClInclude Include="fft1.cuh">
      <Filter>Header Files CUDA</Filter>
    </ClInclude>
    <ClInclude Include="thread_capture.hh">
      <Filter>Header Files</Filter>
    </ClInclude>
    <ClInclude Include="tools.cuh">
      <Filter>Header Files CUDA</Filter>
    </ClInclude>
    <ClInclude Include="transforms.cuh">
      <Filter>Header Files CUDA</Filter>
    </ClInclude>
    <ClInclude Include="thread_compute.hh">
      <Filter>Header Files</Filter>
    </ClInclude>
    <ClInclude Include="fft2.cuh">
      <Filter>Header Files CUDA</Filter>
    </ClInclude>
    <ClInclude Include="compute_descriptor.hh">
      <Filter>Header Files</Filter>
    </ClInclude>
    <ClInclude Include="GeneratedFiles\ui_gl_window.h">
      <Filter>Header Files</Filter>
    </ClInclude>
    <ClInclude Include="GeneratedFiles\ui_main_window.h">
      <Filter>Header Files</Filter>
    </ClInclude>
    <ClInclude Include="observable.hh">
      <Filter>Header Files</Filter>
    </ClInclude>
    <ClInclude Include="observer.hh">
      <Filter>Header Files</Filter>
    </ClInclude>
    <ClInclude Include="vibrometry.cuh">
      <Filter>Header Files CUDA</Filter>
    </ClInclude>
    <ClInclude Include="average.cuh">
      <Filter>Header Files CUDA</Filter>
    </ClInclude>
    <ClInclude Include="geometry.hh">
      <Filter>Header Files</Filter>
    </ClInclude>
    <ClInclude Include="concurrent_deque.hh">
      <Filter>Header Files</Filter>
    </ClInclude>
    <ClInclude Include="camera_dll.hh">
      <Filter>Header Files</Filter>
    </ClInclude>
    <ClInclude Include="autofocus.cuh">
      <Filter>Header Files CUDA</Filter>
    </ClInclude>
    <ClInclude Include="resource.h">
      <Filter>Header Files</Filter>
    </ClInclude>
    <ClInclude Include="ithread_input.hh">
      <Filter>Header Files</Filter>
    </ClInclude>
    <ClInclude Include="thread_reader.hh">
      <Filter>Header Files</Filter>
    </ClInclude>
    <ClInclude Include="tools_conversion.cuh">
      <Filter>Header Files CUDA</Filter>
    </ClInclude>
    <ClInclude Include="stft.cuh">
      <Filter>Header Files CUDA</Filter>
    </ClInclude>
    <ClInclude Include="pipe.hh">
      <Filter>Header Files</Filter>
    </ClInclude>
    <ClInclude Include="pipeline.hh">
      <Filter>Header Files</Filter>
    </ClInclude>
    <ClInclude Include="pipeline_utils.hh">
      <Filter>Header Files</Filter>
    </ClInclude>
    <ClInclude Include="module.hh">
      <Filter>Header Files</Filter>
    </ClInclude>
    <ClInclude Include="icompute.hh">
      <Filter>Header Files</Filter>
    </ClInclude>
    <ClInclude Include="tools.hh">
      <Filter>Header Files</Filter>
    </ClInclude>
    <ClInclude Include="power_of_two.hh">
      <Filter>Header Files</Filter>
    </ClInclude>
    <ClInclude Include="config.hh">
      <Filter>Header Files</Filter>
    </ClInclude>
    <ClInclude Include="gpib_dll.hh">
      <Filter>Header Files</Filter>
    </ClInclude>
    <ClInclude Include="compute_bundles.hh">
      <Filter>Header Files</Filter>
    </ClInclude>
    <ClInclude Include="tools_unwrap.cuh">
      <Filter>Header Files CUDA</Filter>
    </ClInclude>
    <ClInclude Include="convolution.cuh">
      <Filter>Header Files CUDA</Filter>
    </ClInclude>
    <ClInclude Include="flowgraphy.cuh">
      <Filter>Header Files CUDA</Filter>
    </ClInclude>
    <ClInclude Include="compute_bundles_2d.hh">
      <Filter>Header Files</Filter>
    </ClInclude>
    <ClInclude Include="tools_compute.cuh">
      <Filter>Header Files CUDA</Filter>
    </ClInclude>
    <ClInclude Include="filter2D.cuh">
      <Filter>Header Files CUDA</Filter>
    </ClInclude>
    <ClInclude Include="MainWindowAccessor.hh">
      <Filter>Header Files</Filter>
    </ClInclude>
    <ClInclude Include="gui_tool.hh">
      <Filter>Header Files</Filter>
    </ClInclude>
  </ItemGroup>
  <ItemGroup>
    <CustomBuild Include="main_window.hh">
      <Filter>Header Files</Filter>
    </CustomBuild>
    <CustomBuild Include="main_window.ui">
      <Filter>Form Files</Filter>
    </CustomBuild>
    <CustomBuild Include="main_window.qrc">
      <Filter>Resource Files</Filter>
    </CustomBuild>
    <CustomBuild Include="gl_window.ui">
      <Filter>Form Files</Filter>
    </CustomBuild>
    <CustomBuild Include="gl_window.qrc">
      <Filter>Resource Files</Filter>
    </CustomBuild>
    <CustomBuild Include="gui_gl_window.hh">
      <Filter>Header Files</Filter>
    </CustomBuild>
    <CustomBuild Include="gui_gl_widget.hh">
      <Filter>Header Files</Filter>
    </CustomBuild>
    <CustomBuild Include="gui_group_box.hh">
      <Filter>Header Files</Filter>
    </CustomBuild>
    <CustomBuild Include="thread_recorder.hh">
      <Filter>Header Files</Filter>
    </CustomBuild>
    <CustomBuild Include="gui_plot_window.hh">
      <Filter>Header Files</Filter>
    </CustomBuild>
    <CustomBuild Include="plot_window.ui">
      <Filter>Form Files</Filter>
    </CustomBuild>
    <CustomBuild Include="plot_window.qrc">
      <Filter>Resource Files</Filter>
    </CustomBuild>
    <CustomBuild Include="gui_curve_plot.hh">
      <Filter>Header Files</Filter>
    </CustomBuild>
    <CustomBuild Include="thread_csv_record.hh">
      <Filter>Header Files</Filter>
    </CustomBuild>
    <CustomBuild Include="recorder.hh">
      <Filter>Header Files</Filter>
    </CustomBuild>
    <CustomBuild Include="info_manager.hh">
      <Filter>Header Files</Filter>
    </CustomBuild>
  </ItemGroup>
  <ItemGroup>
    <ResourceCompile Include="Holovibes.rc">
      <Filter>Resource Files</Filter>
    </ResourceCompile>
  </ItemGroup>
  <ItemGroup>
    <Image Include="icon1.ico">
      <Filter>Resource Files</Filter>
    </Image>
    <Image Include="holovibes_logo.png">
      <Filter>Resource Files</Filter>
    </Image>
  </ItemGroup>
</Project>