<?xml version="1.0" encoding="utf-8"?>
<Project ToolsVersion="4.0" xmlns="http://schemas.microsoft.com/developer/msbuild/2003">
  <ItemGroup>
    <Filter Include="Generated Files">
      <UniqueIdentifier>{a92f5a26-c24b-4d75-87a7-34cddd371f0d}</UniqueIdentifier>
    </Filter>
    <Filter Include="Generated Files\Debug">
      <UniqueIdentifier>{2e6b114c-da42-4a5f-84bc-c55ea6731c24}</UniqueIdentifier>
    </Filter>
    <Filter Include="Generated Files\Release">
      <UniqueIdentifier>{5d8f330a-0ea3-4ba9-8db0-3839536cba01}</UniqueIdentifier>
    </Filter>
    <Filter Include="cuda sources">
      <UniqueIdentifier>{f4e5e542-dbd7-4865-8a96-427aaf9a475d}</UniqueIdentifier>
      <Extensions>cu;</Extensions>
    </Filter>
    <Filter Include="resources">
      <UniqueIdentifier>{67DA6AB6-F800-4c08-8B7A-83BB121AAD01}</UniqueIdentifier>
      <Extensions>rc;ico;cur;bmp;dlg;rc2;rct;bin;rgs;gif;jpg;jpeg;jpe;resx;tiff;tif;png;wav;mfcribbon-ms</Extensions>
    </Filter>
    <Filter Include="cuda includes">
      <UniqueIdentifier>{e7bbddd6-f330-4e16-a366-e6ac808111a8}</UniqueIdentifier>
      <Extensions>cuh;</Extensions>
    </Filter>
    <Filter Include="forms">
      <UniqueIdentifier>{42051917-46e7-4cd9-8e34-6ee3adc4c3a7}</UniqueIdentifier>
    </Filter>
    <Filter Include="c++ includes">
      <UniqueIdentifier>{93995380-89BD-4b04-88EB-625FBE52EBFB}</UniqueIdentifier>
      <Extensions>h;hh;hpp;hxx;hm;inl;inc;xsd</Extensions>
    </Filter>
    <Filter Include="c++ includes\compute">
      <UniqueIdentifier>{ad96cfb3-0291-4b70-a199-dd09de6b38be}</UniqueIdentifier>
    </Filter>
    <Filter Include="c++ includes\core">
      <UniqueIdentifier>{73555b3c-6ac2-4c56-9d83-c6d55d8d1cb7}</UniqueIdentifier>
    </Filter>
    <Filter Include="c++ includes\gui">
      <UniqueIdentifier>{0889426a-6d14-4583-8c95-566a13f7d6d4}</UniqueIdentifier>
    </Filter>
    <Filter Include="c++ includes\gui\windows">
      <UniqueIdentifier>{7577c7a0-e308-499e-b9bc-c24f24c951e1}</UniqueIdentifier>
    </Filter>
    <Filter Include="c++ includes\gui\other">
      <UniqueIdentifier>{b47ac2b0-ba30-40bf-ab09-e5378b01fa63}</UniqueIdentifier>
    </Filter>
    <Filter Include="c++ includes\thread">
      <UniqueIdentifier>{6eef1a70-e998-426f-b9fc-c921b3305e91}</UniqueIdentifier>
    </Filter>
    <Filter Include="c++ includes\tools">
      <UniqueIdentifier>{f09398da-e256-48cb-a5a8-9dfd0dae52ab}</UniqueIdentifier>
    </Filter>
    <Filter Include="c++ sources">
      <UniqueIdentifier>{4FC737F1-C7A5-4376-A066-2A32D752A2FF}</UniqueIdentifier>
      <Extensions>cpp;c;cc;cxx;def;odl;idl;hpj;bat;asm;asmx</Extensions>
    </Filter>
    <Filter Include="c++ sources\gui">
      <UniqueIdentifier>{498134bf-b07f-4767-b374-0d7154cfc12f}</UniqueIdentifier>
    </Filter>
    <Filter Include="c++ sources\gui\other">
      <UniqueIdentifier>{5c519152-f934-43df-bb64-f794a130651d}</UniqueIdentifier>
    </Filter>
    <Filter Include="c++ sources\gui\windows">
      <UniqueIdentifier>{112f127f-c089-4b14-a78a-d11679250e92}</UniqueIdentifier>
    </Filter>
    <Filter Include="c++ sources\thread">
      <UniqueIdentifier>{f6a0f91a-367e-4d96-b120-72a008815c18}</UniqueIdentifier>
    </Filter>
    <Filter Include="c++ sources\compute">
      <UniqueIdentifier>{c33ed7ed-0a0c-478f-808a-257d04cf75a7}</UniqueIdentifier>
    </Filter>
    <Filter Include="c++ sources\tools">
      <UniqueIdentifier>{7bdc08de-d48e-4627-994c-c577be5362ba}</UniqueIdentifier>
    </Filter>
    <Filter Include="c++ sources\core">
      <UniqueIdentifier>{571c322b-2036-4ccb-b92b-0c54bd9121c7}</UniqueIdentifier>
    </Filter>
    <Filter Include="c++ includes\other">
      <UniqueIdentifier>{97b17fbc-5f81-435e-aef8-af9107af5eb2}</UniqueIdentifier>
    </Filter>
    <Filter Include="c++ sources\gui\selections">
      <UniqueIdentifier>{f4e094e2-a0c9-4f08-a412-5650a373d482}</UniqueIdentifier>
    </Filter>
    <Filter Include="c++ includes\gui\selections">
      <UniqueIdentifier>{25277a71-a0d9-4ab2-a696-afc06fa90dfb}</UniqueIdentifier>
    </Filter>
    <Filter Include="shaders">
      <UniqueIdentifier>{683cd658-7d68-43b9-9d3a-9373a1ed581f}</UniqueIdentifier>
    </Filter>
    <Filter Include="cuda includes\tools">
      <UniqueIdentifier>{249366fa-75ef-46da-87ee-a95a529fe6c2}</UniqueIdentifier>
    </Filter>
    <Filter Include="cuda sources\tools">
      <UniqueIdentifier>{32549d3d-7a61-4ec8-b18b-18e04cf1b3f6}</UniqueIdentifier>
    </Filter>
    <Filter Include="c++ includes\tools\cuda_tools">
      <UniqueIdentifier>{5f0ae4f7-914c-4a7a-84db-5c196c648d98}</UniqueIdentifier>
    </Filter>
    <Filter Include="c++ includes\tools\units">
      <UniqueIdentifier>{242b8ba6-0506-4426-b321-696db1a0e42b}</UniqueIdentifier>
    </Filter>
    <Filter Include="c++ sources\tools\units">
      <UniqueIdentifier>{f9c3e46f-4b19-4f33-8a26-c39e07c5934d}</UniqueIdentifier>
    </Filter>
    <Filter Include="c++ includes\gui\selections\Overlays">
      <UniqueIdentifier>{95cda0a1-e9e9-4c79-8414-5e67caadf1db}</UniqueIdentifier>
    </Filter>
    <Filter Include="c++ includes\gui\selections\Interfaces">
      <UniqueIdentifier>{915bb36b-48a0-467c-b806-f3f45147d07c}</UniqueIdentifier>
    </Filter>
    <Filter Include="c++ sources\gui\selections\Overlays">
      <UniqueIdentifier>{3c8c7f39-8173-4295-b26f-2fd7877d51c8}</UniqueIdentifier>
    </Filter>
    <Filter Include="c++ sources\gui\selections\Interfaces">
      <UniqueIdentifier>{3e40332b-90ae-4ddc-8210-65b0a7dea657}</UniqueIdentifier>
    </Filter>
  </ItemGroup>
  <ItemGroup>
    <ClCompile Include="GeneratedFiles\Debug\moc_gui_group_box.cc">
      <Filter>Generated Files\Debug</Filter>
    </ClCompile>
    <ClCompile Include="GeneratedFiles\Debug\moc_thread_recorder.cc">
      <Filter>Generated Files\Debug</Filter>
    </ClCompile>
    <ClCompile Include="GeneratedFiles\Release\moc_gui_group_box.cc">
      <Filter>Generated Files\Release</Filter>
    </ClCompile>
    <ClCompile Include="GeneratedFiles\Release\moc_thread_recorder.cc">
      <Filter>Generated Files\Release</Filter>
    </ClCompile>
    <ClCompile Include="GeneratedFiles\Debug\moc_gui_curve_plot.cc">
      <Filter>Generated Files\Debug</Filter>
    </ClCompile>
    <ClCompile Include="GeneratedFiles\Release\moc_gui_curve_plot.cc">
      <Filter>Generated Files\Release</Filter>
    </ClCompile>
    <ClCompile Include="GeneratedFiles\Debug\moc_thread_csv_record.cc">
      <Filter>Generated Files\Debug</Filter>
    </ClCompile>
    <ClCompile Include="GeneratedFiles\Release\moc_thread_csv_record.cc">
      <Filter>Generated Files\Release</Filter>
    </ClCompile>
    <ClCompile Include="GeneratedFiles\Debug\moc_recorder.cc">
      <Filter>Generated Files\Debug</Filter>
    </ClCompile>
    <ClCompile Include="GeneratedFiles\Release\moc_recorder.cc">
      <Filter>Generated Files\Release</Filter>
    </ClCompile>
    <ClCompile Include="GeneratedFiles\Debug\moc_info_manager.cc">
      <Filter>Generated Files\Debug</Filter>
    </ClCompile>
    <ClCompile Include="GeneratedFiles\Release\moc_info_manager.cc">
      <Filter>Generated Files\Release</Filter>
    </ClCompile>
    <ClCompile Include="sources\camera_dll.cc">
      <Filter>c++ sources</Filter>
    </ClCompile>
    <ClCompile Include="sources\config.cc">
      <Filter>c++ sources</Filter>
    </ClCompile>
    <ClCompile Include="sources\gpib_dll.cc">
      <Filter>c++ sources</Filter>
    </ClCompile>
    <ClCompile Include="sources\main.cc">
      <Filter>c++ sources</Filter>
    </ClCompile>
    <ClCompile Include="sources\options_parser.cc">
      <Filter>c++ sources</Filter>
    </ClCompile>
    <ClCompile Include="sources\queue.cc">
      <Filter>c++ sources</Filter>
    </ClCompile>
    <ClCompile Include="sources\recorder.cc">
      <Filter>c++ sources</Filter>
    </ClCompile>
    <ClCompile Include="sources\tools\hardware_limits.cc">
      <Filter>c++ sources\tools</Filter>
    </ClCompile>
    <ClCompile Include="sources\tools\info_manager.cc">
      <Filter>c++ sources\tools</Filter>
    </ClCompile>
    <ClCompile Include="sources\tools\power_of_two.cc">
      <Filter>c++ sources\tools</Filter>
    </ClCompile>
    <ClCompile Include="sources\tools\tools.cc">
      <Filter>c++ sources\tools</Filter>
    </ClCompile>
    <ClCompile Include="sources\thread\ithread_input.cc">
      <Filter>c++ sources\thread</Filter>
    </ClCompile>
    <ClCompile Include="sources\thread\thread_capture.cc">
      <Filter>c++ sources\thread</Filter>
    </ClCompile>
    <ClCompile Include="sources\thread\thread_compute.cc">
      <Filter>c++ sources\thread</Filter>
    </ClCompile>
    <ClCompile Include="sources\thread\thread_csv_record.cc">
      <Filter>c++ sources\thread</Filter>
    </ClCompile>
    <ClCompile Include="sources\thread\thread_reader.cc">
      <Filter>c++ sources\thread</Filter>
    </ClCompile>
    <ClCompile Include="sources\thread\thread_recorder.cc">
      <Filter>c++ sources\thread</Filter>
    </ClCompile>
    <ClCompile Include="sources\gui\other\gui_curve_plot.cc">
      <Filter>c++ sources\gui\other</Filter>
    </ClCompile>
    <ClCompile Include="sources\gui\other\gui_group_box.cc">
      <Filter>c++ sources\gui\other</Filter>
    </ClCompile>
    <ClCompile Include="sources\core\holovibes.cc">
      <Filter>c++ sources\core</Filter>
    </ClCompile>
    <ClCompile Include="sources\core\icompute.cc">
      <Filter>c++ sources\core</Filter>
    </ClCompile>
    <ClCompile Include="sources\core\pipe.cc">
      <Filter>c++ sources\core</Filter>
    </ClCompile>
    <ClCompile Include="sources\compute\compute_bundles.cc">
      <Filter>c++ sources\compute</Filter>
    </ClCompile>
    <ClCompile Include="sources\compute\compute_bundles_2d.cc">
      <Filter>c++ sources\compute</Filter>
    </ClCompile>
    <ClCompile Include="sources\compute\compute_descriptor.cc">
      <Filter>c++ sources\compute</Filter>
    </ClCompile>
    <ClCompile Include="sources\module.cc">
      <Filter>c++ sources</Filter>
    </ClCompile>
    <ClCompile Include="sources\gui\windows\BasicOpenGLWindow.cc">
      <Filter>c++ sources\gui\windows</Filter>
    </ClCompile>
    <ClCompile Include="sources\gui\windows\SliceWindow.cc">
      <Filter>c++ sources\gui\windows</Filter>
    </ClCompile>
    <ClCompile Include="sources\gui\windows\HoloWindow.cc">
      <Filter>c++ sources\gui\windows</Filter>
    </ClCompile>
    <ClCompile Include="sources\gui\windows\DirectWindow.cc">
      <Filter>c++ sources\gui\windows</Filter>
    </ClCompile>
    <ClCompile Include="sources\gui\windows\MainWindow.cc">
      <Filter>c++ sources\gui\windows</Filter>
    </ClCompile>
    <ClCompile Include="sources\gui\windows\PlotWindow.cc">
      <Filter>c++ sources\gui\windows</Filter>
    </ClCompile>
    <ClCompile Include="GeneratedFiles\Debug\moc_MainWindow.cc">
      <Filter>Generated Files\Debug</Filter>
    </ClCompile>
    <ClCompile Include="GeneratedFiles\Debug\moc_PlotWindow.cc">
      <Filter>Generated Files\Debug</Filter>
    </ClCompile>
    <ClCompile Include="GeneratedFiles\Release\moc_MainWindow.cc">
      <Filter>Generated Files\Release</Filter>
    </ClCompile>
    <ClCompile Include="GeneratedFiles\Release\moc_PlotWindow.cc">
      <Filter>Generated Files\Release</Filter>
    </ClCompile>
    <ClCompile Include="sources\gui\selections\overlay_manager.cc">
      <Filter>c++ sources\gui\selections</Filter>
    </ClCompile>
    <ClCompile Include="sources\compute\stabilization.cc">
      <Filter>c++ sources\compute</Filter>
    </ClCompile>
    <ClCompile Include="sources\tools\units\fd_pixel.cc">
      <Filter>c++ sources\tools\units</Filter>
    </ClCompile>
    <ClCompile Include="sources\tools\units\window_pixel.cc">
      <Filter>c++ sources\tools\units</Filter>
    </ClCompile>
    <ClCompile Include="sources\tools\units\opengl_position.cc">
      <Filter>c++ sources\tools\units</Filter>
    </ClCompile>
    <ClCompile Include="sources\tools\units\conversion_data.cc">
      <Filter>c++ sources\tools\units</Filter>
    </ClCompile>
    <ClCompile Include="sources\gui\selections\overlays\autofocus_overlay.cc">
      <Filter>c++ sources\gui\selections\Overlays</Filter>
    </ClCompile>
    <ClCompile Include="sources\gui\selections\overlays\cross_overlay.cc">
      <Filter>c++ sources\gui\selections\Overlays</Filter>
    </ClCompile>
    <ClCompile Include="sources\gui\selections\overlays\filter2d_overlay.cc">
      <Filter>c++ sources\gui\selections\Overlays</Filter>
    </ClCompile>
    <ClCompile Include="sources\gui\selections\overlays\noise_overlay.cc">
      <Filter>c++ sources\gui\selections\Overlays</Filter>
    </ClCompile>
    <ClCompile Include="sources\gui\selections\overlays\zoom_overlay.cc">
      <Filter>c++ sources\gui\selections\Overlays</Filter>
    </ClCompile>
    <ClCompile Include="sources\gui\selections\overlays\stabilization_overlay.cc">
      <Filter>c++ sources\gui\selections\Overlays</Filter>
    </ClCompile>
    <ClCompile Include="sources\gui\selections\overlays\strip_overlay.cc">
      <Filter>c++ sources\gui\selections\Overlays</Filter>
    </ClCompile>
    <ClCompile Include="sources\gui\selections\interfaces\square_overlay.cc">
      <Filter>c++ sources\gui\selections\Interfaces</Filter>
    </ClCompile>
    <ClCompile Include="sources\gui\selections\interfaces\Overlay.cc">
      <Filter>c++ sources\gui\selections\Interfaces</Filter>
    </ClCompile>
    <ClCompile Include="sources\gui\selections\interfaces\rect_overlay.cc">
      <Filter>c++ sources\gui\selections\Interfaces</Filter>
    </ClCompile>
    <ClCompile Include="sources\gui\selections\overlays\signal_overlay.cc">
      <Filter>c++ sources\gui\selections\Overlays</Filter>
    </ClCompile>
    <ClCompile Include="sources\gui\selections\overlays\slice_cross_overlay.cc">
      <Filter>c++ sources\gui\selections\Overlays</Filter>
    </ClCompile>
    <ClCompile Include="sources\gui\windows\3DVisionWindow.cc">
      <Filter>c++ sources\gui\windows</Filter>
    </ClCompile>
    <ClCompile Include="sources\gui\selections\overlays\scale_overlay.cc">
      <Filter>c++ sources\gui\selections\Overlays</Filter>
    </ClCompile>
  </ItemGroup>
  <ItemGroup>
    <ClInclude Include="includes\camera_dll.hh">
      <Filter>c++ includes\other</Filter>
    </ClInclude>
    <ClInclude Include="includes\concurrent_deque.hh">
      <Filter>c++ includes\other</Filter>
    </ClInclude>
    <ClInclude Include="includes\config.hh">
      <Filter>c++ includes\other</Filter>
    </ClInclude>
    <ClInclude Include="includes\custom_exception.hh">
      <Filter>c++ includes\other</Filter>
    </ClInclude>
    <ClInclude Include="includes\gpib_dll.hh">
      <Filter>c++ includes\other</Filter>
    </ClInclude>
    <ClInclude Include="includes\module.hh">
      <Filter>c++ includes\other</Filter>
    </ClInclude>
    <ClInclude Include="includes\observable.hh">
      <Filter>c++ includes\other</Filter>
    </ClInclude>
    <ClInclude Include="includes\observer.hh">
      <Filter>c++ includes\other</Filter>
    </ClInclude>
    <ClInclude Include="includes\options_descriptor.hh">
      <Filter>c++ includes\other</Filter>
    </ClInclude>
    <ClInclude Include="includes\options_parser.hh">
      <Filter>c++ includes\other</Filter>
    </ClInclude>
    <ClInclude Include="includes\pipeline_utils.hh">
      <Filter>c++ includes\other</Filter>
    </ClInclude>
    <ClInclude Include="includes\queue.hh">
      <Filter>c++ includes\other</Filter>
    </ClInclude>
    <ClInclude Include="includes\tools\hardware_limits.hh">
      <Filter>c++ includes\tools</Filter>
    </ClInclude>
    <ClInclude Include="includes\tools\power_of_two.hh">
      <Filter>c++ includes\tools</Filter>
    </ClInclude>
    <ClInclude Include="includes\tools\tools.hh">
      <Filter>c++ includes\tools</Filter>
    </ClInclude>
    <ClInclude Include="includes\thread\ithread_input.hh">
      <Filter>c++ includes\thread</Filter>
    </ClInclude>
    <ClInclude Include="includes\thread\thread_capture.hh">
      <Filter>c++ includes\thread</Filter>
    </ClInclude>
    <ClInclude Include="includes\thread\thread_compute.hh">
      <Filter>c++ includes\thread</Filter>
    </ClInclude>
    <ClInclude Include="includes\thread\thread_reader.hh">
      <Filter>c++ includes\thread</Filter>
    </ClInclude>
    <ClInclude Include="includes\core\holovibes.hh">
      <Filter>c++ includes\core</Filter>
    </ClInclude>
    <ClInclude Include="includes\core\icompute.hh">
      <Filter>c++ includes\core</Filter>
    </ClInclude>
    <ClInclude Include="includes\core\pipe.hh">
      <Filter>c++ includes\core</Filter>
    </ClInclude>
    <ClInclude Include="includes\core\pipeline.hh">
      <Filter>c++ includes\core</Filter>
    </ClInclude>
    <ClInclude Include="includes\compute\compute_bundles.hh">
      <Filter>c++ includes\compute</Filter>
    </ClInclude>
    <ClInclude Include="includes\compute\compute_bundles_2d.hh">
      <Filter>c++ includes\compute</Filter>
    </ClInclude>
    <ClInclude Include="includes\compute\compute_descriptor.hh">
      <Filter>c++ includes\compute</Filter>
    </ClInclude>
    <ClInclude Include="cuda_includes\autofocus.cuh">
      <Filter>cuda includes</Filter>
    </ClInclude>
    <ClInclude Include="cuda_includes\average.cuh">
      <Filter>cuda includes</Filter>
    </ClInclude>
    <ClInclude Include="cuda_includes\contrast_correction.cuh">
      <Filter>cuda includes</Filter>
    </ClInclude>
    <ClInclude Include="cuda_includes\convolution.cuh">
      <Filter>cuda includes</Filter>
    </ClInclude>
    <ClInclude Include="cuda_includes\fft1.cuh">
      <Filter>cuda includes</Filter>
    </ClInclude>
    <ClInclude Include="cuda_includes\fft2.cuh">
      <Filter>cuda includes</Filter>
    </ClInclude>
    <ClInclude Include="cuda_includes\filter2D.cuh">
      <Filter>cuda includes</Filter>
    </ClInclude>
    <ClInclude Include="cuda_includes\flowgraphy.cuh">
      <Filter>cuda includes</Filter>
    </ClInclude>
    <ClInclude Include="cuda_includes\preprocessing.cuh">
      <Filter>cuda includes</Filter>
    </ClInclude>
    <ClInclude Include="cuda_includes\stft.cuh">
      <Filter>cuda includes</Filter>
    </ClInclude>
    <ClInclude Include="cuda_includes\transforms.cuh">
      <Filter>cuda includes</Filter>
    </ClInclude>
    <ClInclude Include="cuda_includes\vibrometry.cuh">
      <Filter>cuda includes</Filter>
    </ClInclude>
    <ClInclude Include="cuda_includes\texture_update.cuh">
      <Filter>cuda includes</Filter>
    </ClInclude>
    <ClInclude Include="includes\gui\windows\DirectWindow.hh">
      <Filter>c++ includes\gui\windows</Filter>
    </ClInclude>
    <ClInclude Include="GeneratedFiles\ui_MainWindow.h">
      <Filter>c++ includes</Filter>
    </ClInclude>
    <ClInclude Include="GeneratedFiles\ui_PlotWindow.h">
      <Filter>c++ includes</Filter>
    </ClInclude>
    <ClInclude Include="includes\gui\windows\SliceWindow.hh">
      <Filter>c++ includes\gui\windows</Filter>
    </ClInclude>
    <ClInclude Include="includes\gui\windows\HoloWindow.hh">
      <Filter>c++ includes\gui\windows</Filter>
    </ClInclude>
    <ClInclude Include="includes\gui\windows\BasicOpenGLWindow.hh">
      <Filter>c++ includes\gui\windows</Filter>
    </ClInclude>
    <ClInclude Include="cuda_includes\Common.cuh">
      <Filter>cuda includes</Filter>
    </ClInclude>
    <ClInclude Include="cuda_includes\tools_unwrap.cuh">
      <Filter>cuda includes\tools</Filter>
    </ClInclude>
    <ClInclude Include="cuda_includes\tools.cuh">
      <Filter>cuda includes\tools</Filter>
    </ClInclude>
    <ClInclude Include="cuda_includes\tools_compute.cuh">
      <Filter>cuda includes\tools</Filter>
    </ClInclude>
    <ClInclude Include="cuda_includes\tools_conversion.cuh">
      <Filter>cuda includes\tools</Filter>
    </ClInclude>
    <ClInclude Include="cuda_includes\composite.cuh">
      <Filter>cuda includes</Filter>
    </ClInclude>
    <ClInclude Include="includes\compute\stabilization.hh">
      <Filter>c++ includes\compute</Filter>
    </ClInclude>
    <ClInclude Include="cuda_includes\stabilization.cuh">
      <Filter>cuda includes</Filter>
    </ClInclude>
    <ClInclude Include="includes\gui\selections\overlay_manager.hh">
      <Filter>c++ includes\gui\selections</Filter>
    </ClInclude>
    <ClInclude Include="includes\tools\cuda_tools\unique_ptr.hh">
      <Filter>c++ includes\tools\cuda_tools</Filter>
    </ClInclude>
    <ClInclude Include="includes\tools\cuda_tools\array.hh">
      <Filter>c++ includes\tools\cuda_tools</Filter>
    </ClInclude>
    <ClInclude Include="includes\tools\units\fd_pixel.hh">
      <Filter>c++ includes\tools\units</Filter>
    </ClInclude>
    <ClInclude Include="includes\tools\units\point.hh">
      <Filter>c++ includes\tools\units</Filter>
    </ClInclude>
    <ClInclude Include="includes\tools\units\rect.hh">
      <Filter>c++ includes\tools\units</Filter>
    </ClInclude>
    <ClInclude Include="includes\tools\units\unit.hh">
      <Filter>c++ includes\tools\units</Filter>
    </ClInclude>
    <ClInclude Include="includes\tools\units\window_pixel.hh">
      <Filter>c++ includes\tools\units</Filter>
    </ClInclude>
    <ClInclude Include="includes\tools\units\opengl_position.hh">
      <Filter>c++ includes\tools\units</Filter>
    </ClInclude>
    <ClInclude Include="includes\tools\units\conversion_data.hh">
      <Filter>c++ includes\tools\units</Filter>
    </ClInclude>
    <ClInclude Include="includes\gui\selections\overlays\autofocus_overlay.hh">
      <Filter>c++ includes\gui\selections\Overlays</Filter>
    </ClInclude>
    <ClInclude Include="includes\gui\selections\overlays\cross_overlay.hh">
      <Filter>c++ includes\gui\selections\Overlays</Filter>
    </ClInclude>
    <ClInclude Include="includes\gui\selections\overlays\filter2d_overlay.hh">
      <Filter>c++ includes\gui\selections\Overlays</Filter>
    </ClInclude>
    <ClInclude Include="includes\gui\selections\overlays\noise_overlay.hh">
      <Filter>c++ includes\gui\selections\Overlays</Filter>
    </ClInclude>
    <ClInclude Include="includes\gui\selections\interfaces\rect_overlay.hh">
      <Filter>c++ includes\gui\selections\Interfaces</Filter>
    </ClInclude>
    <ClInclude Include="includes\gui\selections\interfaces\Overlay.hh">
      <Filter>c++ includes\gui\selections\Interfaces</Filter>
    </ClInclude>
    <ClInclude Include="includes\gui\selections\interfaces\square_overlay.hh">
      <Filter>c++ includes\gui\selections\Interfaces</Filter>
    </ClInclude>
    <ClInclude Include="includes\gui\selections\overlays\signal_overlay.hh">
      <Filter>c++ includes\gui\selections\Overlays</Filter>
    </ClInclude>
    <ClInclude Include="includes\gui\selections\overlays\slice_cross_overlay.hh">
      <Filter>c++ includes\gui\selections\Overlays</Filter>
    </ClInclude>
    <ClInclude Include="includes\gui\selections\overlays\stabilization_overlay.hh">
      <Filter>c++ includes\gui\selections\Overlays</Filter>
    </ClInclude>
    <ClInclude Include="includes\gui\selections\overlays\strip_overlay.hh">
      <Filter>c++ includes\gui\selections\Overlays</Filter>
    </ClInclude>
    <ClInclude Include="includes\gui\selections\overlays\zoom_overlay.hh">
      <Filter>c++ includes\gui\selections\Overlays</Filter>
    </ClInclude>
    <ClInclude Include="includes\gui\windows\3DVisionWindow.hh">
      <Filter>c++ includes\gui\windows</Filter>
    </ClInclude>
    <ClInclude Include="includes\gui\selections\overlays\scale_overlay.hh">
      <Filter>c++ includes\gui\selections\Overlays</Filter>
    </ClInclude>
  </ItemGroup>
  <ItemGroup>
    <CustomBuild Include="includes\thread\thread_recorder.hh">
      <Filter>c++ includes\thread</Filter>
    </CustomBuild>
    <CustomBuild Include="includes\thread\thread_csv_record.hh">
      <Filter>c++ includes\thread</Filter>
    </CustomBuild>
    <CustomBuild Include="includes\gui\other\gui_group_box.hh">
      <Filter>c++ includes\gui\other</Filter>
    </CustomBuild>
    <CustomBuild Include="includes\gui\other\gui_curve_plot.hh">
      <Filter>c++ includes\gui\other</Filter>
    </CustomBuild>
    <CustomBuild Include="includes\tools\info_manager.hh">
      <Filter>c++ includes\tools</Filter>
    </CustomBuild>
    <CustomBuild Include="includes\recorder.hh">
      <Filter>c++ includes\other</Filter>
    </CustomBuild>
    <CustomBuild Include="includes\gui\windows\MainWindow.hh">
      <Filter>c++ includes\gui\windows</Filter>
    </CustomBuild>
    <CustomBuild Include="includes\gui\windows\PlotWindow.hh">
      <Filter>c++ includes\gui\windows</Filter>
    </CustomBuild>
    <CustomBuild Include="MainWindow.ui">
      <Filter>forms</Filter>
    </CustomBuild>
    <CustomBuild Include="PlotWindow.ui">
      <Filter>forms</Filter>
    </CustomBuild>
  </ItemGroup>
  <ItemGroup>
    <Image Include="icon1.ico">
      <Filter>resources</Filter>
    </Image>
    <Image Include="holovibes_logo.png">
      <Filter>resources</Filter>
    </Image>
  </ItemGroup>
  <ItemGroup>
    <ResourceCompile Include="Holovibes.rc">
      <Filter>resources</Filter>
    </ResourceCompile>
  </ItemGroup>
  <ItemGroup>
    <CudaCompile Include="cuda_sources\autofocus.cu">
      <Filter>cuda sources</Filter>
    </CudaCompile>
    <CudaCompile Include="cuda_sources\average.cu">
      <Filter>cuda sources</Filter>
    </CudaCompile>
    <CudaCompile Include="cuda_sources\contrast_correction.cu">
      <Filter>cuda sources</Filter>
    </CudaCompile>
    <CudaCompile Include="cuda_sources\convolution.cu">
      <Filter>cuda sources</Filter>
    </CudaCompile>
    <CudaCompile Include="cuda_sources\fft1.cu">
      <Filter>cuda sources</Filter>
    </CudaCompile>
    <CudaCompile Include="cuda_sources\fft2.cu">
      <Filter>cuda sources</Filter>
    </CudaCompile>
    <CudaCompile Include="cuda_sources\filter2D.cu">
      <Filter>cuda sources</Filter>
    </CudaCompile>
    <CudaCompile Include="cuda_sources\flowgraphy.cu">
      <Filter>cuda sources</Filter>
    </CudaCompile>
    <CudaCompile Include="cuda_sources\preprocessing.cu">
      <Filter>cuda sources</Filter>
    </CudaCompile>
    <CudaCompile Include="cuda_sources\stft.cu">
      <Filter>cuda sources</Filter>
    </CudaCompile>
    <CudaCompile Include="cuda_sources\transforms.cu">
      <Filter>cuda sources</Filter>
    </CudaCompile>
    <CudaCompile Include="cuda_sources\vibrometry.cu">
      <Filter>cuda sources</Filter>
    </CudaCompile>
    <CudaCompile Include="cuda_sources\texture_update.cu">
      <Filter>cuda sources</Filter>
    </CudaCompile>
    <CudaCompile Include="cuda_sources\tools_unwrap.cu">
      <Filter>cuda sources\tools</Filter>
    </CudaCompile>
    <CudaCompile Include="cuda_sources\tools_conversion.cu">
      <Filter>cuda sources\tools</Filter>
    </CudaCompile>
    <CudaCompile Include="cuda_sources\tools_compute.cu">
      <Filter>cuda sources\tools</Filter>
    </CudaCompile>
    <CudaCompile Include="cuda_sources\tools.cu">
      <Filter>cuda sources\tools</Filter>
    </CudaCompile>
    <CudaCompile Include="cuda_sources\composite.cu">
      <Filter>cuda sources</Filter>
    </CudaCompile>
    <CudaCompile Include="cuda_sources\stabilization.cu">
      <Filter>cuda sources</Filter>
    </CudaCompile>
  </ItemGroup>
  <ItemGroup>
    <None Include="shaders\fragment.color.glsl">
      <Filter>shaders</Filter>
    </None>
    <None Include="shaders\fragment.tex.glsl">
      <Filter>shaders</Filter>
    </None>
    <None Include="shaders\vertex.direct.glsl">
      <Filter>shaders</Filter>
    </None>
    <None Include="shaders\vertex.holo.glsl">
      <Filter>shaders</Filter>
    </None>
    <None Include="shaders\vertex.overlay.glsl">
      <Filter>shaders</Filter>
    </None>
    <None Include="shaders\vertex.3d.glsl">
      <Filter>shaders</Filter>
    </None>
    <None Include="shaders\fragment.3d.glsl">
      <Filter>shaders</Filter>
    </None>
  </ItemGroup>
</Project>